PODS:
  - Alamofire (4.9.0)
  - Realm (3.21.0):
    - Realm/Headers (= 3.21.0)
  - Realm/Headers (3.21.0)
  - RealmSwift (3.21.0):
    - Realm (= 3.21.0)
  - SwiftyJSON (4.3.0)

DEPENDENCIES:
  - Alamofire (~> 4.0)
  - RealmSwift
  - SwiftyJSON (~> 4.0)

SPEC REPOS:
  trunk:
    - Alamofire
    - Realm
    - RealmSwift
    - SwiftyJSON

SPEC CHECKSUMS:
  Alamofire: afc3e7c6db61476cb45cdd23fed06bad03bbc321
  Realm: 38e9dcb19104b58407167d99f70d4995f7c16023
  RealmSwift: 3183cc1ad48378fbcd634311b22c0e6c44021152
  SwiftyJSON: 6faa0040f8b59dead0ee07436cbf76b73c08fd08

PODFILE CHECKSUM: eba9ff128ae0b5e8569f54ea66e3a55b756c7295

COCOAPODS: 1.8.3
